Microsoft Visual Studio Solution File, Format Version 12.00
# Visual Studio 14
Project("{8BC9CEB8-8B4A-11D0-8D11-00A0C91BC942}") = "ALL_BUILD", "ALL_BUILD.vcxproj", "{BE623D4B-88CC-4FC6-AFAE-009B1B667890}"
	ProjectSection(ProjectDependencies) = postProject
		{1CB33281-2BD7-4BCD-8460-C903EA034741} = {1CB33281-2BD7-4BCD-8460-C903EA034741}
		{BBBEFA83-7A70-460C-81A8-442EF67E5DAD} = {BBBEFA83-7A70-460C-81A8-442EF67E5DAD}
		{CF5B7BCB-11C4-44F6-9D47-3613828CFBEA} = {CF5B7BCB-11C4-44F6-9D47-3613828CFBEA}
	EndProjectSection
EndProject
Project("{8BC9CEB8-8B4A-11D0-8D11-00A0C91BC942}") = "INSTALL", "INSTALL.vcxproj", "{DF07009A-0B61-489A-A08F-15C5BDD45492}"
	ProjectSection(ProjectDependencies) = postProject
		{BE623D4B-88CC-4FC6-AFAE-009B1B667890} = {BE623D4B-88CC-4FC6-AFAE-009B1B667890}
	EndProjectSection
EndProject
Project("{8BC9CEB8-8B4A-11D0-8D11-00A0C91BC942}") = "SDL2", "SDL2.vcxproj", "{1CB33281-2BD7-4BCD-8460-C903EA034741}"
	ProjectSection(ProjectDependencies) = postProject
		{25A91AE9-CBAD-4F84-9588-C42E6A46CAE6} = {25A91AE9-CBAD-4F84-9588-C42E6A46CAE6}
	EndProjectSection
EndProject
Project("{8BC9CEB8-8B4A-11D0-8D11-00A0C91BC942}") = "SDL2-static", "SDL2-static.vcxproj", "{BBBEFA83-7A70-460C-81A8-442EF67E5DAD}"
	ProjectSection(ProjectDependencies) = postProject
		{25A91AE9-CBAD-4F84-9588-C42E6A46CAE6} = {25A91AE9-CBAD-4F84-9588-C42E6A46CAE6}
	EndProjectSection
EndProject
Project("{8BC9CEB8-8B4A-11D0-8D11-00A0C91BC942}") = "SDL2main", "SDL2main.vcxproj", "{CF5B7BCB-11C4-44F6-9D47-3613828CFBEA}"
	ProjectSection(ProjectDependencies) = postProject
		{25A91AE9-CBAD-4F84-9588-C42E6A46CAE6} = {25A91AE9-CBAD-4F84-9588-C42E6A46CAE6}
	EndProjectSection
EndProject
Project("{8BC9CEB8-8B4A-11D0-8D11-00A0C91BC942}") = "ZERO_CHECK", "..\..\ZERO_CHECK.vcxproj", "{25A91AE9-CBAD-4F84-9588-C42E6A46CAE6}"
	ProjectSection(ProjectDependencies) = postProject
	EndProjectSection
EndProject
Global
	GlobalSection(SolutionConfigurationPlatforms) = preSolution
		Debug|Win32 = Debug|Win32
		Release|Win32 = Release|Win32
		MinSizeRel|Win32 = MinSizeRel|Win32
		RelWithDebInfo|Win32 = RelWithDebInfo|Win32
	EndGlobalSection
	GlobalSection(ProjectConfigurationPlatforms) = postSolution
		{BE623D4B-88CC-4FC6-AFAE-009B1B667890}.Debug|Win32.ActiveCfg = Debug|Win32
		{BE623D4B-88CC-4FC6-AFAE-009B1B667890}.Debug|Win32.Build.0 = Debug|Win32
		{BE623D4B-88CC-4FC6-AFAE-009B1B667890}.Release|Win32.ActiveCfg = Release|Win32
		{BE623D4B-88CC-4FC6-AFAE-009B1B667890}.Release|Win32.Build.0 = Release|Win32
		{BE623D4B-88CC-4FC6-AFAE-009B1B667890}.MinSizeRel|Win32.ActiveCfg = MinSizeRel|Win32
		{BE623D4B-88CC-4FC6-AFAE-009B1B667890}.MinSizeRel|Win32.Build.0 = MinSizeRel|Win32
		{BE623D4B-88CC-4FC6-AFAE-009B1B667890}.RelWithDebInfo|Win32.ActiveCfg = RelWithDebInfo|Win32
		{BE623D4B-88CC-4FC6-AFAE-009B1B667890}.RelWithDebInfo|Win32.Build.0 = RelWithDebInfo|Win32
		{DF07009A-0B61-489A-A08F-15C5BDD45492}.Debug|Win32.ActiveCfg = Debug|Win32
		{DF07009A-0B61-489A-A08F-15C5BDD45492}.Release|Win32.ActiveCfg = Release|Win32
		{DF07009A-0B61-489A-A08F-15C5BDD45492}.MinSizeRel|Win32.ActiveCfg = MinSizeRel|Win32
		{DF07009A-0B61-489A-A08F-15C5BDD45492}.RelWithDebInfo|Win32.ActiveCfg = RelWithDebInfo|Win32
		{1CB33281-2BD7-4BCD-8460-C903EA034741}.Debug|Win32.ActiveCfg = Debug|Win32
		{1CB33281-2BD7-4BCD-8460-C903EA034741}.Debug|Win32.Build.0 = Debug|Win32
		{1CB33281-2BD7-4BCD-8460-C903EA034741}.Release|Win32.ActiveCfg = Release|Win32
		{1CB33281-2BD7-4BCD-8460-C903EA034741}.Release|Win32.Build.0 = Release|Win32
		{1CB33281-2BD7-4BCD-8460-C903EA034741}.MinSizeRel|Win32.ActiveCfg = MinSizeRel|Win32
		{1CB33281-2BD7-4BCD-8460-C903EA034741}.MinSizeRel|Win32.Build.0 = MinSizeRel|Win32
		{1CB33281-2BD7-4BCD-8460-C903EA034741}.RelWithDebInfo|Win32.ActiveCfg = RelWithDebInfo|Win32
		{1CB33281-2BD7-4BCD-8460-C903EA034741}.RelWithDebInfo|Win32.Build.0 = RelWithDebInfo|Win32
		{BBBEFA83-7A70-460C-81A8-442EF67E5DAD}.Debug|Win32.ActiveCfg = Debug|Win32
		{BBBEFA83-7A70-460C-81A8-442EF67E5DAD}.Debug|Win32.Build.0 = Debug|Win32
		{BBBEFA83-7A70-460C-81A8-442EF67E5DAD}.Release|Win32.ActiveCfg = Release|Win32
		{BBBEFA83-7A70-460C-81A8-442EF67E5DAD}.Release|Win32.Build.0 = Release|Win32
		{BBBEFA83-7A70-460C-81A8-442EF67E5DAD}.MinSizeRel|Win32.ActiveCfg = MinSizeRel|Win32
		{BBBEFA83-7A70-460C-81A8-442EF67E5DAD}.MinSizeRel|Win32.Build.0 = MinSizeRel|Win32
		{BBBEFA83-7A70-460C-81A8-442EF67E5DAD}.RelWithDebInfo|Win32.ActiveCfg = RelWithDebInfo|Win32
		{BBBEFA83-7A70-460C-81A8-442EF67E5DAD}.RelWithDebInfo|Win32.Build.0 = RelWithDebInfo|Win32
		{CF5B7BCB-11C4-44F6-9D47-3613828CFBEA}.Debug|Win32.ActiveCfg = Debug|Win32
		{CF5B7BCB-11C4-44F6-9D47-3613828CFBEA}.Debug|Win32.Build.0 = Debug|Win32
		{CF5B7BCB-11C4-44F6-9D47-3613828CFBEA}.Release|Win32.ActiveCfg = Release|Win32
		{CF5B7BCB-11C4-44F6-9D47-3613828CFBEA}.Release|Win32.Build.0 = Release|Win32
		{CF5B7BCB-11C4-44F6-9D47-3613828CFBEA}.MinSizeRel|Win32.ActiveCfg = MinSizeRel|Win32
		{CF5B7BCB-11C4-44F6-9D47-3613828CFBEA}.MinSizeRel|Win32.Build.0 = MinSizeRel|Win32
		{CF5B7BCB-11C4-44F6-9D47-3613828CFBEA}.RelWithDebInfo|Win32.ActiveCfg = RelWithDebInfo|Win32
		{CF5B7BCB-11C4-44F6-9D47-3613828CFBEA}.RelWithDebInfo|Win32.Build.0 = RelWithDebInfo|Win32
		{25A91AE9-CBAD-4F84-9588-C42E6A46CAE6}.Debug|Win32.ActiveCfg = Debug|Win32
		{25A91AE9-CBAD-4F84-9588-C42E6A46CAE6}.Debug|Win32.Build.0 = Debug|Win32
		{25A91AE9-CBAD-4F84-9588-C42E6A46CAE6}.Release|Win32.ActiveCfg = Release|Win32
		{25A91AE9-CBAD-4F84-9588-C42E6A46CAE6}.Release|Win32.Build.0 = Release|Win32
		{25A91AE9-CBAD-4F84-9588-C42E6A46CAE6}.MinSizeRel|Win32.ActiveCfg = MinSizeRel|Win32
		{25A91AE9-CBAD-4F84-9588-C42E6A46CAE6}.MinSizeRel|Win32.Build.0 = MinSizeRel|Win32
		{25A91AE9-CBAD-4F84-9588-C42E6A46CAE6}.RelWithDebInfo|Win32.ActiveCfg = RelWithDebInfo|Win32
		{25A91AE9-CBAD-4F84-9588-C42E6A46CAE6}.RelWithDebInfo|Win32.Build.0 = RelWithDebInfo|Win32
	EndGlobalSection
	GlobalSection(ExtensibilityGlobals) = postSolution
	EndGlobalSection
	GlobalSection(ExtensibilityAddIns) = postSolution
	EndGlobalSection
EndGlobal
